Microsoft Visual Studio Solution File, Format Version 11.00
# Visual Studio 2008

Project("{34615FF2-C717-9C05-6AB9-97AAFBA8353B}") = "Week04", "Assembly-CSharp.csproj", "{AC0D1A19-4BE6-891B-046F-A9CAA76B078C}"
EndProject
Global
	GlobalSection(SolutionConfigurationPlatforms) = preSolution
		Debug|Any CPU = Debug|Any CPU
		Release|Any CPU = Release|Any CPU
	EndGlobalSection
	GlobalSection(ProjectConfigurationPlatforms) = postSolution
		{AC0D1A19-4BE6-891B-046F-A9CAA76B078C}.Debug|Any CPU.ActiveCfg = Debug|Any CPU
		{AC0D1A19-4BE6-891B-046F-A9CAA76B078C}.Debug|Any CPU.Build.0 = Debug|Any CPU
		{AC0D1A19-4BE6-891B-046F-A9CAA76B078C}.Release|Any CPU.ActiveCfg = Release|Any CPU
		{AC0D1A19-4BE6-891B-046F-A9CAA76B078C}.Release|Any CPU.Build.0 = Release|Any CPU
	EndGlobalSection
	GlobalSection(SolutionProperties) = preSolution
		HideSolutionNode = FALSE
	EndGlobalSection
		GlobalSection(MonoDevelopProperties) = preSolution
		StartupItem = Assembly-CSharp.csproj
		Policies = $0
		$0.TextStylePolicy = $1
		$1.inheritsSet = null
		$1.scope = text/x-csharp
		$0.CSharpFormattingPolicy = $2
		$2.inheritsSet = Mono
		$2.inheritsScope = text/x-csharp
		$2.scope = text/x-csharp
		$0.TextStylePolicy = $3
		$3.FileWidth = 120
		$3.TabWidth = 4
		$3.IndentWidth = 4
		$3.EolMarker = Unix
		$3.inheritsSet = Mono
		$3.inheritsScope = text/plain
		$3.scope = text/plain
	EndGlobalSection

EndGlobal
